
Microsoft Visual Studio Solution File, Format Version 12.00
# Visual Studio Version 16
VisualStudioVersion = 16.0.31702.278
MinimumVisualStudioVersion = 10.0.40219.1
Project("{FAE04EC0-301F-11D3-BF4B-00C04F79EFBC}") = "MonitoringSystem", "MonitoringSystem.csproj", "{4C65F3D9-35F5-4648-AFBC-C145D78313E4}"
EndProject
Project("{2150E333-8FDC-42A3-9474-1A3956D46DE8}") = "Solution Items", "Solution Items", "{F0AF2D9C-771A-406A-8B7D-CEAE2CE66974}"
EndProject
Global
	GlobalSection(SolutionConfigurationPlatforms) = preSolution
		Debug|Any CPU = Debug|Any CPU
		Release|Any CPU = Release|Any CPU
	EndGlobalSection
	GlobalSection(ProjectConfigurationPlatforms) = postSolution
		{4C65F3D9-35F5-4648-AFBC-C145D78313E4}.Debug|Any CPU.ActiveCfg = Debug|Any CPU
		{4C65F3D9-35F5-4648-AFBC-C145D78313E4}.Debug|Any CPU.Build.0 = Debug|Any CPU
		{4C65F3D9-35F5-4648-AFBC-C145D78313E4}.Release|Any CPU.ActiveCfg = Release|Any CPU
		{4C65F3D9-35F5-4648-AFBC-C145D78313E4}.Release|Any CPU.Build.0 = Release|Any CPU
	EndGlobalSection
	GlobalSection(SolutionProperties) = preSolution
		HideSolutionNode = FALSE
	EndGlobalSection
	GlobalSection(ExtensibilityGlobals) = postSolution
		SolutionGuid = {0B8AAB1E-32C0-476E-9C6E-21E6E0EBD019}
	EndGlobalSection
EndGlobal
